
Microsoft Visual Studio Solution File, Format Version 12.00
# Visual Studio Version 16
VisualStudioVersion = 16.0.31205.134
MinimumVisualStudioVersion = 10.0.40219.1
Project("{FAE04EC0-301F-11D3-BF4B-00C04F79EFBC}") = "Isi_Backend", "Isi_Backend\Isi_Backend.csproj", "{75803E8F-225E-48AE-9900-EAA46DBEED12}"
EndProject
Global
	GlobalSection(SolutionConfigurationPlatforms) = preSolution
		Debug|Any CPU = Debug|Any CPU
		Release|Any CPU = Release|Any CPU
	EndGlobalSection
	GlobalSection(ProjectConfigurationPlatforms) = postSolution
		{75803E8F-225E-48AE-9900-EAA46DBEED12}.Debug|Any CPU.ActiveCfg = Debug|Any CPU
		{75803E8F-225E-48AE-9900-EAA46DBEED12}.Debug|Any CPU.Build.0 = Debug|Any CPU
		{75803E8F-225E-48AE-9900-EAA46DBEED12}.Release|Any CPU.ActiveCfg = Release|Any CPU
		{75803E8F-225E-48AE-9900-EAA46DBEED12}.Release|Any CPU.Build.0 = Release|Any CPU
	EndGlobalSection
	GlobalSection(SolutionProperties) = preSolution
		HideSolutionNode = FALSE
	EndGlobalSection
	GlobalSection(ExtensibilityGlobals) = postSolution
		SolutionGuid = {6677913C-E591-4C63-A1AD-2669160217D8}
	EndGlobalSection
EndGlobal
